// !$*UTF8*$!
{
	archiveVersion = 1;
	classes = {
	};
	objectVersion = 46;
	objects = {

/* Begin PBXBuildFile section */
		27422C464FDAC1D117B16F05 /* Pods_CycleBannerUITests.framework in Frameworks */ = {isa = PBXBuildFile; fileRef = E19714F7891656D1FD1141D3 /* Pods_CycleBannerUITests.framework */; };
		9C9D36EFA41A9009E78FC65E /* Pods_CycleBanner.framework in Frameworks */ = {isa = PBXBuildFile; fileRef = 770F6D6EE1E216F0A91AC38C /* Pods_CycleBanner.framework */; };
		A477A1E51F25C7B900AB282F /* AppDelegate.swift in Sources */ = {isa = PBXBuildFile; fileRef = A477A1E41F25C7B900AB282F /* AppDelegate.swift */; };
		A477A1E71F25C7B900AB282F /* ViewController.swift in Sources */ = {isa = PBXBuildFile; fileRef = A477A1E61F25C7B900AB282F /* ViewController.swift */; };
		A477A1EA1F25C7B900AB282F /* Main.storyboard in Resources */ = {isa = PBXBuildFile; fileRef = A477A1E81F25C7B900AB282F /* Main.storyboard */; };
		A477A1EC1F25C7B900AB282F /* Assets.xcassets in Resources */ = {isa = PBXBuildFile; fileRef = A477A1EB1F25C7B900AB282F /* Assets.xcassets */; };
		A477A1EF1F25C7B900AB282F /* LaunchScreen.storyboard in Resources */ = {isa = PBXBuildFile; fileRef = A477A1ED1F25C7B900AB282F /* LaunchScreen.storyboard */; };
		A477A1FA1F25C7B900AB282F /* CycleBannerTests.swift in Sources */ = {isa = PBXBuildFile; fileRef = A477A1F91F25C7B900AB282F /* CycleBannerTests.swift */; };
		A477A2051F25C7B900AB282F /* CycleBannerUITests.swift in Sources */ = {isa = PBXBuildFile; fileRef = A477A2041F25C7B900AB282F /* CycleBannerUITests.swift */; };
		A477A2171F25D0E200AB282F /* KTBanner.swift in Sources */ = {isa = PBXBuildFile; fileRef = A477A2161F25D0E200AB282F /* KTBanner.swift */; };
		A477A2191F25DC5F00AB282F /* UIColor-Extention.swift in Sources */ = {isa = PBXBuildFile; fileRef = A477A2181F25DC5F00AB282F /* UIColor-Extention.swift */; };
		A4934ACA1F2736FE0055F76F /* BannerCollectionViewCell.swift in Sources */ = {isa = PBXBuildFile; fileRef = A4934AC81F2736FE0055F76F /* BannerCollectionViewCell.swift */; };
		A4934ACB1F2736FE0055F76F /* BannerCollectionViewCell.xib in Resources */ = {isa = PBXBuildFile; fileRef = A4934AC91F2736FE0055F76F /* BannerCollectionViewCell.xib */; };
		C1F3A8955D7D8917DE26A666 /* Pods_CycleBannerTests.framework in Frameworks */ = {isa = PBXBuildFile; fileRef = CF63F9152429F36A3500E5B6 /* Pods_CycleBannerTests.framework */; };
/* End PBXBuildFile section */

/* Begin PBXContainerItemProxy section */
		A477A1F61F25C7B900AB282F /* PBXContainerItemProxy */ = {
			isa = PBXContainerItemProxy;
			containerPortal = A477A1D91F25C7B900AB282F /* Project object */;
			proxyType = 1;
			remoteGlobalIDString = A477A1E01F25C7B900AB282F;
			remoteInfo = CycleBanner;
		};
		A477A2011F25C7B900AB282F /* PBXContainerItemProxy */ = {
			isa = PBXContainerItemProxy;
			containerPortal = A477A1D91F25C7B900AB282F /* Project object */;
			proxyType = 1;
			remoteGlobalIDString = A477A1E01F25C7B900AB282F;
			remoteInfo = CycleBanner;
		};
/* End PBXContainerItemProxy section */

/* Begin PBXFileReference section */
		386C2C956FB20160B39F1DCA /* Pods-CycleBanner.release.xcconfig */ = {isa = PBXFileReference; includeInIndex = 1; lastKnownFileType = text.xcconfig; name = "Pods-CycleBanner.release.xcconfig"; path = "Pods/Target Support Files/Pods-CycleBanner/Pods-CycleBanner.release.xcconfig"; sourceTree = "<group>"; };
		5E95669A3EF2478DA30ABE90 /* Pods-CycleBanner.debug.xcconfig */ = {isa = PBXFileReference; includeInIndex = 1; lastKnownFileType = text.xcconfig; name = "Pods-CycleBanner.debug.xcconfig"; path = "Pods/Target Support Files/Pods-CycleBanner/Pods-CycleBanner.debug.xcconfig"; sourceTree = "<group>"; };
		770F6D6EE1E216F0A91AC38C /* Pods_CycleBanner.framework */ = {isa = PBXFileReference; explicitFileType = wrapper.framework; includeInIndex = 0; path = Pods_CycleBanner.framework; sourceTree = BUILT_PRODUCTS_DIR; };
		9C8E6C34F6C93BFE17EA73C2 /* Pods-CycleBannerTests.release.xcconfig */ = {isa = PBXFileReference; includeInIndex = 1; lastKnownFileType = text.xcconfig; name = "Pods-CycleBannerTests.release.xcconfig"; path = "Pods/Target Support Files/Pods-CycleBannerTests/Pods-CycleBannerTests.release.xcconfig"; sourceTree = "<group>"; };
		A477A1E11F25C7B900AB282F /* CycleBanner.app */ = {isa = PBXFileReference; explicitFileType = wrapper.application; includeInIndex = 0; path = CycleBanner.app; sourceTree = BUILT_PRODUCTS_DIR; };
		A477A1E41F25C7B900AB282F /* AppDelegate.swift */ = {isa = PBXFileReference; lastKnownFileType = sourcecode.swift; path = AppDelegate.swift; sourceTree = "<group>"; };
		A477A1E61F25C7B900AB282F /* ViewController.swift */ = {isa = PBXFileReference; lastKnownFileType = sourcecode.swift; path = ViewController.swift; sourceTree = "<group>"; };
		A477A1E91F25C7B900AB282F /* Base */ = {isa = PBXFileReference; lastKnownFileType = file.storyboard; name = Base; path = Base.lproj/Main.storyboard; sourceTree = "<group>"; };
		A477A1EB1F25C7B900AB282F /* Assets.xcassets */ = {isa = PBXFileReference; lastKnownFileType = folder.assetcatalog; path = Assets.xcassets; sourceTree = "<group>"; };
		A477A1EE1F25C7B900AB282F /* Base */ = {isa = PBXFileReference; lastKnownFileType = file.storyboard; name = Base; path = Base.lproj/LaunchScreen.storyboard; sourceTree = "<group>"; };
		A477A1F01F25C7B900AB282F /* Info.plist */ = {isa = PBXFileReference; lastKnownFileType = text.plist.xml; path = Info.plist; sourceTree = "<group>"; };
		A477A1F51F25C7B900AB282F /* CycleBannerTests.xctest */ = {isa = PBXFileReference; explicitFileType = wrapper.cfbundle; includeInIndex = 0; path = CycleBannerTests.xctest; sourceTree = BUILT_PRODUCTS_DIR; };
		A477A1F91F25C7B900AB282F /* CycleBannerTests.swift */ = {isa = PBXFileReference; lastKnownFileType = sourcecode.swift; path = CycleBannerTests.swift; sourceTree = "<group>"; };
		A477A1FB1F25C7B900AB282F /* Info.plist */ = {isa = PBXFileReference; lastKnownFileType = text.plist.xml; path = Info.plist; sourceTree = "<group>"; };
		A477A2001F25C7B900AB282F /* CycleBannerUITests.xctest */ = {isa = PBXFileReference; explicitFileType = wrapper.cfbundle; includeInIndex = 0; path = CycleBannerUITests.xctest; sourceTree = BUILT_PRODUCTS_DIR; };
		A477A2041F25C7B900AB282F /* CycleBannerUITests.swift */ = {isa = PBXFileReference; lastKnownFileType = sourcecode.swift; path = CycleBannerUITests.swift; sourceTree = "<group>"; };
		A477A2061F25C7B900AB282F /* Info.plist */ = {isa = PBXFileReference; lastKnownFileType = text.plist.xml; path = Info.plist; sourceTree = "<group>"; };
		A477A2161F25D0E200AB282F /* KTBanner.swift */ = {isa = PBXFileReference; fileEncoding = 4; lastKnownFileType = sourcecode.swift; path = KTBanner.swift; sourceTree = "<group>"; };
		A477A2181F25DC5F00AB282F /* UIColor-Extention.swift */ = {isa = PBXFileReference; fileEncoding = 4; lastKnownFileType = sourcecode.swift; path = "UIColor-Extention.swift"; sourceTree = "<group>"; };
		A4934AC81F2736FE0055F76F /* BannerCollectionViewCell.swift */ = {isa = PBXFileReference; fileEncoding = 4; lastKnownFileType = sourcecode.swift; path = BannerCollectionViewCell.swift; sourceTree = "<group>"; };
		A4934AC91F2736FE0055F76F /* BannerCollectionViewCell.xib */ = {isa = PBXFileReference; fileEncoding = 4; lastKnownFileType = file.xib; path = BannerCollectionViewCell.xib; sourceTree = "<group>"; };
		CF63F9152429F36A3500E5B6 /* Pods_CycleBannerTests.framework */ = {isa = PBXFileReference; explicitFileType = wrapper.framework; includeInIndex = 0; path = Pods_CycleBannerTests.framework; sourceTree = BUILT_PRODUCTS_DIR; };
		D8E3411EB3A195F790650661 /* Pods-CycleBannerUITests.release.xcconfig */ = {isa = PBXFileReference; includeInIndex = 1; lastKnownFileType = text.xcconfig; name = "Pods-CycleBannerUITests.release.xcconfig"; path = "Pods/Target Support Files/Pods-CycleBannerUITests/Pods-CycleBannerUITests.release.xcconfig"; sourceTree = "<group>"; };
		E19714F7891656D1FD1141D3 /* Pods_CycleBannerUITests.framework */ = {isa = PBXFileReference; explicitFileType = wrapper.framework; includeInIndex = 0; path = Pods_CycleBannerUITests.framework; sourceTree = BUILT_PRODUCTS_DIR; };
		E7D13965CE5BA9CB433B9D40 /* Pods-CycleBannerTests.debug.xcconfig */ = {isa = PBXFileReference; includeInIndex = 1; lastKnownFileType = text.xcconfig; name = "Pods-CycleBannerTests.debug.xcconfig"; path = "Pods/Target Support Files/Pods-CycleBannerTests/Pods-CycleBannerTests.debug.xcconfig"; sourceTree = "<group>"; };
		F9EF9534C8037ACEEC8979DB /* Pods-CycleBannerUITests.debug.xcconfig */ = {isa = PBXFileReference; includeInIndex = 1; lastKnownFileType = text.xcconfig; name = "Pods-CycleBannerUITests.debug.xcconfig"; path = "Pods/Target Support Files/Pods-CycleBannerUITests/Pods-CycleBannerUITests.debug.xcconfig"; sourceTree = "<group>"; };
/* End PBXFileReference section */

/* Begin PBXFrameworksBuildPhase section */
		A477A1DE1F25C7B900AB282F /* Frameworks */ = {
			isa = PBXFrameworksBuildPhase;
			buildActionMask = 2147483647;
			files = (
				9C9D36EFA41A9009E78FC65E /* Pods_CycleBanner.framework in Frameworks */,
			);
			runOnlyForDeploymentPostprocessing = 0;
		};
		A477A1F21F25C7B900AB282F /* Frameworks */ = {
			isa = PBXFrameworksBuildPhase;
			buildActionMask = 2147483647;
			files = (
				C1F3A8955D7D8917DE26A666 /* Pods_CycleBannerTests.framework in Frameworks */,
			);
			runOnlyForDeploymentPostprocessing = 0;
		};
		A477A1FD1F25C7B900AB282F /* Frameworks */ = {
			isa = PBXFrameworksBuildPhase;
			buildActionMask = 2147483647;
			files = (
				27422C464FDAC1D117B16F05 /* Pods_CycleBannerUITests.framework in Frameworks */,
			);
			runOnlyForDeploymentPostprocessing = 0;
		};
/* End PBXFrameworksBuildPhase section */

/* Begin PBXGroup section */
		72D992288823C34CB85353FD /* Frameworks */ = {
			isa = PBXGroup;
			children = (
				770F6D6EE1E216F0A91AC38C /* Pods_CycleBanner.framework */,
				CF63F9152429F36A3500E5B6 /* Pods_CycleBannerTests.framework */,
				E19714F7891656D1FD1141D3 /* Pods_CycleBannerUITests.framework */,
			);
			name = Frameworks;
			sourceTree = "<group>";
		};
		A477A1D81F25C7B900AB282F = {
			isa = PBXGroup;
			children = (
				A477A1E31F25C7B900AB282F /* CycleBanner */,
				A477A1F81F25C7B900AB282F /* CycleBannerTests */,
				A477A2031F25C7B900AB282F /* CycleBannerUITests */,
				A477A1E21F25C7B900AB282F /* Products */,
				D1D7F622A6C3184C5C4171D2 /* Pods */,
				72D992288823C34CB85353FD /* Frameworks */,
			);
			sourceTree = "<group>";
		};
		A477A1E21F25C7B900AB282F /* Products */ = {
			isa = PBXGroup;
			children = (
				A477A1E11F25C7B900AB282F /* CycleBanner.app */,
				A477A1F51F25C7B900AB282F /* CycleBannerTests.xctest */,
				A477A2001F25C7B900AB282F /* CycleBannerUITests.xctest */,
			);
			name = Products;
			sourceTree = "<group>";
		};
		A477A1E31F25C7B900AB282F /* CycleBanner */ = {
			isa = PBXGroup;
			children = (
				A477A2181F25DC5F00AB282F /* UIColor-Extention.swift */,
				A477A1E41F25C7B900AB282F /* AppDelegate.swift */,
				A477A1E61F25C7B900AB282F /* ViewController.swift */,
				A477A2161F25D0E200AB282F /* KTBanner.swift */,
				A4934AC81F2736FE0055F76F /* BannerCollectionViewCell.swift */,
				A4934AC91F2736FE0055F76F /* BannerCollectionViewCell.xib */,
				A477A1E81F25C7B900AB282F /* Main.storyboard */,
				A477A1EB1F25C7B900AB282F /* Assets.xcassets */,
				A477A1ED1F25C7B900AB282F /* LaunchScreen.storyboard */,
				A477A1F01F25C7B900AB282F /* Info.plist */,
			);
			path = CycleBanner;
			sourceTree = "<group>";
		};
		A477A1F81F25C7B900AB282F /* CycleBannerTests */ = {
			isa = PBXGroup;
			children = (
				A477A1F91F25C7B900AB282F /* CycleBannerTests.swift */,
				A477A1FB1F25C7B900AB282F /* Info.plist */,
			);
			path = CycleBannerTests;
			sourceTree = "<group>";
		};
		A477A2031F25C7B900AB282F /* CycleBannerUITests */ = {
			isa = PBXGroup;
			children = (
				A477A2041F25C7B900AB282F /* CycleBannerUITests.swift */,
				A477A2061F25C7B900AB282F /* Info.plist */,
			);
			path = CycleBannerUITests;
			sourceTree = "<group>";
		};
		D1D7F622A6C3184C5C4171D2 /* Pods */ = {
			isa = PBXGroup;
			children = (
				5E95669A3EF2478DA30ABE90 /* Pods-CycleBanner.debug.xcconfig */,
				386C2C956FB20160B39F1DCA /* Pods-CycleBanner.release.xcconfig */,
				E7D13965CE5BA9CB433B9D40 /* Pods-CycleBannerTests.debug.xcconfig */,
				9C8E6C34F6C93BFE17EA73C2 /* Pods-CycleBannerTests.release.xcconfig */,
				F9EF9534C8037ACEEC8979DB /* Pods-CycleBannerUITests.debug.xcconfig */,
				D8E3411EB3A195F790650661 /* Pods-CycleBannerUITests.release.xcconfig */,
			);
			name = Pods;
			sourceTree = "<group>";
		};
/* End PBXGroup section */

/* Begin PBXNativeTarget section */
		A477A1E01F25C7B900AB282F /* CycleBanner */ = {
			isa = PBXNativeTarget;
			buildConfigurationList = A477A2091F25C7B900AB282F /* Build configuration list for PBXNativeTarget "CycleBanner" */;
			buildPhases = (
				6ED1FFF555CB110E9992E9C3 /* [CP] Check Pods Manifest.lock */,
				A477A1DD1F25C7B900AB282F /* Sources */,
				A477A1DE1F25C7B900AB282F /* Frameworks */,
				A477A1DF1F25C7B900AB282F /* Resources */,
				EF9982E21481A3A9FD1FAE00 /* [CP] Embed Pods Frameworks */,
				3295EDC00236EF27A37D06C9 /* [CP] Copy Pods Resources */,
			);
			buildRules = (
			);
			dependencies = (
			);
			name = CycleBanner;
			productName = CycleBanner;
			productReference = A477A1E11F25C7B900AB282F /* CycleBanner.app */;
			productType = "com.apple.product-type.application";
		};
		A477A1F41F25C7B900AB282F /* CycleBannerTests */ = {
			isa = PBXNativeTarget;
			buildConfigurationList = A477A20C1F25C7B900AB282F /* Build configuration list for PBXNativeTarget "CycleBannerTests" */;
			buildPhases = (
				E7B5F5348DDE5021EA881831 /* [CP] Check Pods Manifest.lock */,
				A477A1F11F25C7B900AB282F /* Sources */,
				A477A1F21F25C7B900AB282F /* Frameworks */,
				A477A1F31F25C7B900AB282F /* Resources */,
				9918CDA0BE881B3B73B64D93 /* [CP] Embed Pods Frameworks */,
				7BCF79FB5DF8F46DF0A57EA1 /* [CP] Copy Pods Resources */,
			);
			buildRules = (
			);
			dependencies = (
				A477A1F71F25C7B900AB282F /* PBXTargetDependency */,
			);
			name = CycleBannerTests;
			productName = CycleBannerTests;
			productReference = A477A1F51F25C7B900AB282F /* CycleBannerTests.xctest */;
			productType = "com.apple.product-type.bundle.unit-test";
		};
		A477A1FF1F25C7B900AB282F /* CycleBannerUITests */ = {
			isa = PBXNativeTarget;
			buildConfigurationList = A477A20F1F25C7B900AB282F /* Build configuration list for PBXNativeTarget "CycleBannerUITests" */;
			buildPhases = (
				A7B2FF607A02F06E9EB2E76C /* [CP] Check Pods Manifest.lock */,
				A477A1FC1F25C7B900AB282F /* Sources */,
				A477A1FD1F25C7B900AB282F /* Frameworks */,
				A477A1FE1F25C7B900AB282F /* Resources */,
				7713D6E040FAF3E98BA7055A /* [CP] Embed Pods Frameworks */,
				BA7FE9D0A461554D193C7C9D /* [CP] Copy Pods Resources */,
			);
			buildRules = (
			);
			dependencies = (
				A477A2021F25C7B900AB282F /* PBXTargetDependency */,
			);
			name = CycleBannerUITests;
			productName = CycleBannerUITests;
			productReference = A477A2001F25C7B900AB282F /* CycleBannerUITests.xctest */;
			productType = "com.apple.product-type.bundle.ui-testing";
		};
/* End PBXNativeTarget section */

/* Begin PBXProject section */
		A477A1D91F25C7B900AB282F /* Project object */ = {
			isa = PBXProject;
			attributes = {
				LastSwiftUpdateCheck = 0830;
				LastUpgradeCheck = 0830;
				ORGANIZATIONNAME = tuikai;
				TargetAttributes = {
					A477A1E01F25C7B900AB282F = {
						CreatedOnToolsVersion = 8.3.2;
						DevelopmentTeam = C455ZTXVSX;
						ProvisioningStyle = Automatic;
					};
					A477A1F41F25C7B900AB282F = {
						CreatedOnToolsVersion = 8.3.2;
						DevelopmentTeam = C455ZTXVSX;
						ProvisioningStyle = Automatic;
						TestTargetID = A477A1E01F25C7B900AB282F;
					};
					A477A1FF1F25C7B900AB282F = {
						CreatedOnToolsVersion = 8.3.2;
						DevelopmentTeam = C455ZTXVSX;
						ProvisioningStyle = Automatic;
						TestTargetID = A477A1E01F25C7B900AB282F;
					};
				};
			};
			buildConfigurationList = A477A1DC1F25C7B900AB282F /* Build configuration list for PBXProject "CycleBanner" */;
			compatibilityVersion = "Xcode 3.2";
			developmentRegion = English;
			hasScannedForEncodings = 0;
			knownRegions = (
				en,
				Base,
			);
			mainGroup = A477A1D81F25C7B900AB282F;
			productRefGroup = A477A1E21F25C7B900AB282F /* Products */;
			projectDirPath = "";
			projectRoot = "";
			targets = (
				A477A1E01F25C7B900AB282F /* CycleBanner */,
				A477A1F41F25C7B900AB282F /* CycleBannerTests */,
				A477A1FF1F25C7B900AB282F /* CycleBannerUITests */,
			);
		};
/* End PBXProject section */

/* Begin PBXResourcesBuildPhase section */
		A477A1DF1F25C7B900AB282F /* Resources */ = {
			isa = PBXResourcesBuildPhase;
			buildActionMask = 2147483647;
			files = (
				A477A1EF1F25C7B900AB282F /* LaunchScreen.storyboard in Resources */,
				A477A1EC1F25C7B900AB282F /* Assets.xcassets in Resources */,
				A4934ACB1F2736FE0055F76F /* BannerCollectionViewCell.xib in Resources */,
				A477A1EA1F25C7B900AB282F /* Main.storyboard in Resources */,
			);
			runOnlyForDeploymentPostprocessing = 0;
		};
		A477A1F31F25C7B900AB282F /* Resources */ = {
			isa = PBXResourcesBuildPhase;
			buildActionMask = 2147483647;
			files = (
			);
			runOnlyForDeploymentPostprocessing = 0;
		};
		A477A1FE1F25C7B900AB282F /* Resources */ = {
			isa = PBXResourcesBuildPhase;
			buildActionMask = 2147483647;
			files = (
			);
			runOnlyForDeploymentPostprocessing = 0;
		};
/* End PBXResourcesBuildPhase section */

/* Begin PBXShellScriptBuildPhase section */
		3295EDC00236EF27A37D06C9 /* [CP] Copy Pods Resources */ = {
			isa = PBXShellScriptBuildPhase;
			buildActionMask = 2147483647;
			files = (
			);
			inputPaths = (
			);
			name = "[CP] Copy Pods Resources";
			outputPaths = (
			);
			runOnlyForDeploymentPostprocessing = 0;
			shellPath = /bin/sh;
			shellScript = "\"${SRCROOT}/Pods/Target Support Files/Pods-CycleBanner/Pods-CycleBanner-resources.sh\"\n";
			showEnvVarsInLog = 0;
		};
		6ED1FFF555CB110E9992E9C3 /* [CP] Check Pods Manifest.lock */ = {
			isa = PBXShellScriptBuildPhase;
			buildActionMask = 2147483647;
			files = (
			);
			inputPaths = (
			);
			name = "[CP] Check Pods Manifest.lock";
			outputPaths = (
			);
			runOnlyForDeploymentPostprocessing = 0;
			shellPath = /bin/sh;
			shellScript = "diff \"${PODS_PODFILE_DIR_PATH}/Podfile.lock\" \"${PODS_ROOT}/Manifest.lock\" > /dev/null\nif [ $? != 0 ] ; then\n    # print error to STDERR\n    echo \"error: The sandbox is not in sync with the Podfile.lock. Run 'pod install' or update your CocoaPods installation.\" >&2\n    exit 1\nfi\n";
			showEnvVarsInLog = 0;
		};
		7713D6E040FAF3E98BA7055A /* [CP] Embed Pods Frameworks */ = {
			isa = PBXShellScriptBuildPhase;
			buildActionMask = 2147483647;
			files = (
			);
			inputPaths = (
			);
			name = "[CP] Embed Pods Frameworks";
			outputPaths = (
			);
			runOnlyForDeploymentPostprocessing = 0;
			shellPath = /bin/sh;
			shellScript = "\"${SRCROOT}/Pods/Target Support Files/Pods-CycleBannerUITests/Pods-CycleBannerUITests-frameworks.sh\"\n";
			showEnvVarsInLog = 0;
		};
		7BCF79FB5DF8F46DF0A57EA1 /* [CP] Copy Pods Resources */ = {
			isa = PBXShellScriptBuildPhase;
			buildActionMask = 2147483647;
			files = (
			);
			inputPaths = (
			);
			name = "[CP] Copy Pods Resources";
			outputPaths = (
			);
			runOnlyForDeploymentPostprocessing = 0;
			shellPath = /bin/sh;
			shellScript = "\"${SRCROOT}/Pods/Target Support Files/Pods-CycleBannerTests/Pods-CycleBannerTests-resources.sh\"\n";
			showEnvVarsInLog = 0;
		};
		9918CDA0BE881B3B73B64D93 /* [CP] Embed Pods Frameworks */ = {
			isa = PBXShellScriptBuildPhase;
			buildActionMask = 2147483647;
			files = (
			);
			inputPaths = (
			);
			name = "[CP] Embed Pods Frameworks";
			outputPaths = (
			);
			runOnlyForDeploymentPostprocessing = 0;
			shellPath = /bin/sh;
			shellScript = "\"${SRCROOT}/Pods/Target Support Files/Pods-CycleBannerTests/Pods-CycleBannerTests-frameworks.sh\"\n";
			showEnvVarsInLog = 0;
		};
		A7B2FF607A02F06E9EB2E76C /* [CP] Check Pods Manifest.lock */ = {
			isa = PBXShellScriptBuildPhase;
			buildActionMask = 2147483647;
			files = (
			);
			inputPaths = (
			);
			name = "[CP] Check Pods Manifest.lock";
			outputPaths = (
			);
			runOnlyForDeploymentPostprocessing = 0;
			shellPath = /bin/sh;
			shellScript = "diff \"${PODS_PODFILE_DIR_PATH}/Podfile.lock\" \"${PODS_ROOT}/Manifest.lock\" > /dev/null\nif [ $? != 0 ] ; then\n    # print error to STDERR\n    echo \"error: The sandbox is not in sync with the Podfile.lock. Run 'pod install' or update your CocoaPods installation.\" >&2\n    exit 1\nfi\n";
			showEnvVarsInLog = 0;
		};
		BA7FE9D0A461554D193C7C9D /* [CP] Copy Pods Resources */ = {
			isa = PBXShellScriptBuildPhase;
			buildActionMask = 2147483647;
			files = (
			);
			inputPaths = (
			);
			name = "[CP] Copy Pods Resources";
			outputPaths = (
			);
			runOnlyForDeploymentPostprocessing = 0;
			shellPath = /bin/sh;
			shellScript = "\"${SRCROOT}/Pods/Target Support Files/Pods-CycleBannerUITests/Pods-CycleBannerUITests-resources.sh\"\n";
			showEnvVarsInLog = 0;
		};
		E7B5F5348DDE5021EA881831 /* [CP] Check Pods Manifest.lock */ = {
			isa = PBXShellScriptBuildPhase;
			buildActionMask = 2147483647;
			files = (
			);
			inputPaths = (
			);
			name = "[CP] Check Pods Manifest.lock";
			outputPaths = (
			);
			runOnlyForDeploymentPostprocessing = 0;
			shellPath = /bin/sh;
			shellScript = "diff \"${PODS_PODFILE_DIR_PATH}/Podfile.lock\" \"${PODS_ROOT}/Manifest.lock\" > /dev/null\nif [ $? != 0 ] ; then\n    # print error to STDERR\n    echo \"error: The sandbox is not in sync with the Podfile.lock. Run 'pod install' or update your CocoaPods installation.\" >&2\n    exit 1\nfi\n";
			showEnvVarsInLog = 0;
		};
		EF9982E21481A3A9FD1FAE00 /* [CP] Embed Pods Frameworks */ = {
			isa = PBXShellScriptBuildPhase;
			buildActionMask = 2147483647;
			files = (
			);
			inputPaths = (
			);
			name = "[CP] Embed Pods Frameworks";
			outputPaths = (
			);
			runOnlyForDeploymentPostprocessing = 0;
			shellPath = /bin/sh;
			shellScript = "\"${SRCROOT}/Pods/Target Support Files/Pods-CycleBanner/Pods-CycleBanner-frameworks.sh\"\n";
			showEnvVarsInLog = 0;
		};
/* End PBXShellScriptBuildPhase section */

/* Begin PBXSourcesBuildPhase section */
		A477A1DD1F25C7B900AB282F /* Sources */ = {
			isa = PBXSourcesBuildPhase;
			buildActionMask = 2147483647;
			files = (
				A477A2171F25D0E200AB282F /* KTBanner.swift in Sources */,
				A477A1E71F25C7B900AB282F /* ViewController.swift in Sources */,
				A477A2191F25DC5F00AB282F /* UIColor-Extention.swift in Sources */,
				A4934ACA1F2736FE0055F76F /* BannerCollectionViewCell.swift in Sources */,
				A477A1E51F25C7B900AB282F /* AppDelegate.swift in Sources */,
			);
			runOnlyForDeploymentPostprocessing = 0;
		};
		A477A1F11F25C7B900AB282F /* Sources */ = {
			isa = PBXSourcesBuildPhase;
			buildActionMask = 2147483647;
			files = (
				A477A1FA1F25C7B900AB282F /* CycleBannerTests.swift in Sources */,
			);
			runOnlyForDeploymentPostprocessing = 0;
		};
		A477A1FC1F25C7B900AB282F /* Sources */ = {
			isa = PBXSourcesBuildPhase;
			buildActionMask = 2147483647;
			files = (
				A477A2051F25C7B900AB282F /* CycleBannerUITests.swift in Sources */,
			);
			runOnlyForDeploymentPostprocessing = 0;
		};
/* End PBXSourcesBuildPhase section */

/* Begin PBXTargetDependency section */
		A477A1F71F25C7B900AB282F /* PBXTargetDependency */ = {
			isa = PBXTargetDependency;
			target = A477A1E01F25C7B900AB282F /* CycleBanner */;
			targetProxy = A477A1F61F25C7B900AB282F /* PBXContainerItemProxy */;
		};
		A477A2021F25C7B900AB282F /* PBXTargetDependency */ = {
			isa = PBXTargetDependency;
			target = A477A1E01F25C7B900AB282F /* CycleBanner */;
			targetProxy = A477A2011F25C7B900AB282F /* PBXContainerItemProxy */;
		};
/* End PBXTargetDependency section */

/* Begin PBXVariantGroup section */
		A477A1E81F25C7B900AB282F /* Main.storyboard */ = {
			isa = PBXVariantGroup;
			children = (
				A477A1E91F25C7B900AB282F /* Base */,
			);
			name = Main.storyboard;
			sourceTree = "<group>";
		};
		A477A1ED1F25C7B900AB282F /* LaunchScreen.storyboard */ = {
			isa = PBXVariantGroup;
			children = (
				A477A1EE1F25C7B900AB282F /* Base */,
			);
			name = LaunchScreen.storyboard;
			sourceTree = "<group>";
		};
/* End PBXVariantGroup section */

/* Begin XCBuildConfiguration section */
		A477A2071F25C7B900AB282F /* Debug */ = {
			isa = XCBuildConfiguration;
			buildSettings = {
				ALWAYS_SEARCH_USER_PATHS = NO;
				CLANG_ANALYZER_NONNULL = YES;
				CLANG_ANALYZER_NUMBER_OBJECT_CONVERSION = YES_AGGRESSIVE;
				CLANG_CXX_LANGUAGE_STANDARD = "gnu++0x";
				CLANG_CXX_LIBRARY = "libc++";
				CLANG_ENABLE_MODULES = YES;
				CLANG_ENABLE_OBJC_ARC = YES;
				CLANG_WARN_BOOL_CONVERSION = YES;
				CLANG_WARN_CONSTANT_CONVERSION = YES;
				CLANG_WARN_DIRECT_OBJC_ISA_USAGE = YES_ERROR;
				CLANG_WARN_DOCUMENTATION_COMMENTS = YES;
				CLANG_WARN_EMPTY_BODY = YES;
				CLANG_WARN_ENUM_CONVERSION = YES;
				CLANG_WARN_INFINITE_RECURSION = YES;
				CLANG_WARN_INT_CONVERSION = YES;
				CLANG_WARN_OBJC_ROOT_CLASS = YES_ERROR;
				CLANG_WARN_SUSPICIOUS_MOVE = YES;
				CLANG_WARN_UNREACHABLE_CODE = YES;
				CLANG_WARN__DUPLICATE_METHOD_MATCH = YES;
				"CODE_SIGN_IDENTITY[sdk=iphoneos*]" = "iPhone Developer";
				COPY_PHASE_STRIP = NO;
				DEBUG_INFORMATION_FORMAT = dwarf;
				ENABLE_STRICT_OBJC_MSGSEND = YES;
				ENABLE_TESTABILITY = YES;
				GCC_C_LANGUAGE_STANDARD = gnu99;
				GCC_DYNAMIC_NO_PIC = NO;
				GCC_NO_COMMON_BLOCKS = YES;
				GCC_OPTIMIZATION_LEVEL = 0;
				GCC_PREPROCESSOR_DEFINITIONS = (
					"DEBUG=1",
					"$(inherited)",
				);
				GCC_WARN_64_TO_32_BIT_CONVERSION = YES;
				GCC_WARN_ABOUT_RETURN_TYPE = YES_ERROR;
				GCC_WARN_UNDECLARED_SELECTOR = YES;
				GCC_WARN_UNINITIALIZED_AUTOS = YES_AGGRESSIVE;
				GCC_WARN_UNUSED_FUNCTION = YES;
				GCC_WARN_UNUSED_VARIABLE = YES;
				IPHONEOS_DEPLOYMENT_TARGET = 10.3;
				MTL_ENABLE_DEBUG_INFO = YES;
				ONLY_ACTIVE_ARCH = YES;
				SDKROOT = iphoneos;
				SWIFT_ACTIVE_COMPILATION_CONDITIONS = DEBUG;
				SWIFT_OPTIMIZATION_LEVEL = "-Onone";
				TARGETED_DEVICE_FAMILY = "1,2";
			};
			name = Debug;
		};
		A477A2081F25C7B900AB282F /* Release */ = {
			isa = XCBuildConfiguration;
			buildSettings = {
				ALWAYS_SEARCH_USER_PATHS = NO;
				CLANG_ANALYZER_NONNULL = YES;
				CLANG_ANALYZER_NUMBER_OBJECT_CONVERSION = YES_AGGRESSIVE;
				CLANG_CXX_LANGUAGE_STANDARD = "gnu++0x";
				CLANG_CXX_LIBRARY = "libc++";
				CLANG_ENABLE_MODULES = YES;
				CLANG_ENABLE_OBJC_ARC = YES;
				CLANG_WARN_BOOL_CONVERSION = YES;
				CLANG_WARN_CONSTANT_CONVERSION = YES;
				CLANG_WARN_DIRECT_OBJC_ISA_USAGE = YES_ERROR;
				CLANG_WARN_DOCUMENTATION_COMMENTS = YES;
				CLANG_WARN_EMPTY_BODY = YES;
				CLANG_WARN_ENUM_CONVERSION = YES;
				CLANG_WARN_INFINITE_RECURSION = YES;
				CLANG_WARN_INT_CONVERSION = YES;
				CLANG_WARN_OBJC_ROOT_CLASS = YES_ERROR;
				CLANG_WARN_SUSPICIOUS_MOVE = YES;
				CLANG_WARN_UNREACHABLE_CODE = YES;
				CLANG_WARN__DUPLICATE_METHOD_MATCH = YES;
				"CODE_SIGN_IDENTITY[sdk=iphoneos*]" = "iPhone Developer";
				COPY_PHASE_STRIP = NO;
				DEBUG_INFORMATION_FORMAT = "dwarf-with-dsym";
				ENABLE_NS_ASSERTIONS = NO;
				ENABLE_STRICT_OBJC_MSGSEND = YES;
				GCC_C_LANGUAGE_STANDARD = gnu99;
				GCC_NO_COMMON_BLOCKS = YES;
				GCC_WARN_64_TO_32_BIT_CONVERSION = YES;
				GCC_WARN_ABOUT_RETURN_TYPE = YES_ERROR;
				GCC_WARN_UNDECLARED_SELECTOR = YES;
				GCC_WARN_UNINITIALIZED_AUTOS = YES_AGGRESSIVE;
				GCC_WARN_UNUSED_FUNCTION = YES;
				GCC_WARN_UNUSED_VARIABLE = YES;
				IPHONEOS_DEPLOYMENT_TARGET = 10.3;
				MTL_ENABLE_DEBUG_INFO = NO;
				SDKROOT = iphoneos;
				SWIFT_OPTIMIZATION_LEVEL = "-Owholemodule";
				TARGETED_DEVICE_FAMILY = "1,2";
				VALIDATE_PRODUCT = YES;
			};
			name = Release;
		};
		A477A20A1F25C7B900AB282F /* Debug */ = {
			isa = XCBuildConfiguration;
			baseConfigurationReference = 5E95669A3EF2478DA30ABE90 /* Pods-CycleBanner.debug.xcconfig */;
			buildSettings = {
				ASSETCATALOG_COMPILER_APPICON_NAME = AppIcon;
				DEVELOPMENT_TEAM = C455ZTXVSX;
				INFOPLIST_FILE = CycleBanner/Info.plist;
				LD_RUNPATH_SEARCH_PATHS = "$(inherited) @executable_path/Frameworks";
				PRODUCT_BUNDLE_IDENTIFIER = com.chtfund.HTRichGo.CycleBanner;
				PRODUCT_NAME = "$(TARGET_NAME)";
				SWIFT_VERSION = 3.0;
			};
			name = Debug;
		};
		A477A20B1F25C7B900AB282F /* Release */ = {
			isa = XCBuildConfiguration;
			baseConfigurationReference = 386C2C956FB20160B39F1DCA /* Pods-CycleBanner.release.xcconfig */;
			buildSettings = {
				ASSETCATALOG_COMPILER_APPICON_NAME = AppIcon;
				DEVELOPMENT_TEAM = C455ZTXVSX;
				INFOPLIST_FILE = CycleBanner/Info.plist;
				LD_RUNPATH_SEARCH_PATHS = "$(inherited) @executable_path/Frameworks";
				PRODUCT_BUNDLE_IDENTIFIER = com.chtfund.HTRichGo.CycleBanner;
				PRODUCT_NAME = "$(TARGET_NAME)";
				SWIFT_VERSION = 3.0;
			};
			name = Release;
		};
		A477A20D1F25C7B900AB282F /* Debug */ = {
			isa = XCBuildConfiguration;
			baseConfigurationReference = E7D13965CE5BA9CB433B9D40 /* Pods-CycleBannerTests.debug.xcconfig */;
			buildSettings = {
				ALWAYS_EMBED_SWIFT_STANDARD_LIBRARIES = YES;
				BUNDLE_LOADER = "$(TEST_HOST)";
				DEVELOPMENT_TEAM = C455ZTXVSX;
				INFOPLIST_FILE = CycleBannerTests/Info.plist;
				LD_RUNPATH_SEARCH_PATHS = "$(inherited) @executable_path/Frameworks @loader_path/Frameworks";
				PRODUCT_BUNDLE_IDENTIFIER = com.chtfund.HTRichGo.CycleBannerTests;
				PRODUCT_NAME = "$(TARGET_NAME)";
				SWIFT_VERSION = 3.0;
				TEST_HOST = "$(BUILT_PRODUCTS_DIR)/CycleBanner.app/CycleBanner";
			};
			name = Debug;
		};
		A477A20E1F25C7B900AB282F /* Release */ = {
			isa = XCBuildConfiguration;
			baseConfigurationReference = 9C8E6C34F6C93BFE17EA73C2 /* Pods-CycleBannerTests.release.xcconfig */;
			buildSettings = {
				ALWAYS_EMBED_SWIFT_STANDARD_LIBRARIES = YES;
				BUNDLE_LOADER = "$(TEST_HOST)";
				DEVELOPMENT_TEAM = C455ZTXVSX;
				INFOPLIST_FILE = CycleBannerTests/Info.plist;
				LD_RUNPATH_SEARCH_PATHS = "$(inherited) @executable_path/Frameworks @loader_path/Frameworks";
				PRODUCT_BUNDLE_IDENTIFIER = com.chtfund.HTRichGo.CycleBannerTests;
				PRODUCT_NAME = "$(TARGET_NAME)";
				SWIFT_VERSION = 3.0;
				TEST_HOST = "$(BUILT_PRODUCTS_DIR)/CycleBanner.app/CycleBanner";
			};
			name = Release;
		};
		A477A2101F25C7B900AB282F /* Debug */ = {
			isa = XCBuildConfiguration;
			baseConfigurationReference = F9EF9534C8037ACEEC8979DB /* Pods-CycleBannerUITests.debug.xcconfig */;
			buildSettings = {
				ALWAYS_EMBED_SWIFT_STANDARD_LIBRARIES = YES;
				DEVELOPMENT_TEAM = C455ZTXVSX;
				INFOPLIST_FILE = CycleBannerUITests/Info.plist;
				LD_RUNPATH_SEARCH_PATHS = "$(inherited) @executable_path/Frameworks @loader_path/Frameworks";
				PRODUCT_BUNDLE_IDENTIFIER = com.chtfund.HTRichGo.CycleBannerUITests;
				PRODUCT_NAME = "$(TARGET_NAME)";
				SWIFT_VERSION = 3.0;
				TEST_TARGET_NAME = CycleBanner;
			};
			name = Debug;
		};
		A477A2111F25C7B900AB282F /* Release */ = {
			isa = XCBuildConfiguration;
			baseConfigurationReference = D8E3411EB3A195F790650661 /* Pods-CycleBannerUITests.release.xcconfig */;
			buildSettings = {
				ALWAYS_EMBED_SWIFT_STANDARD_LIBRARIES = YES;
				DEVELOPMENT_TEAM = C455ZTXVSX;
				INFOPLIST_FILE = CycleBannerUITests/Info.plist;
				LD_RUNPATH_SEARCH_PATHS = "$(inherited) @executable_path/Frameworks @loader_path/Frameworks";
				PRODUCT_BUNDLE_IDENTIFIER = com.chtfund.HTRichGo.CycleBannerUITests;
				PRODUCT_NAME = "$(TARGET_NAME)";
				SWIFT_VERSION = 3.0;
				TEST_TARGET_NAME = CycleBanner;
			};
			name = Release;
		};
/* End XCBuildConfiguration section */

/* Begin XCConfigurationList section */
		A477A1DC1F25C7B900AB282F /* Build configuration list for PBXProject "CycleBanner" */ = {
			isa = XCConfigurationList;
			buildConfigurations = (
				A477A2071F25C7B900AB282F /* Debug */,
				A477A2081F25C7B900AB282F /* Release */,
			);
			defaultConfigurationIsVisible = 0;
			defaultConfigurationName = Release;
		};
		A477A2091F25C7B900AB282F /* Build configuration list for PBXNativeTarget "CycleBanner" */ = {
			isa = XCConfigurationList;
			buildConfigurations = (
				A477A20A1F25C7B900AB282F /* Debug */,
				A477A20B1F25C7B900AB282F /* Release */,
			);
			defaultConfigurationIsVisible = 0;
			defaultConfigurationName = Release;
		};
		A477A20C1F25C7B900AB282F /* Build configuration list for PBXNativeTarget "CycleBannerTests" */ = {
			isa = XCConfigurationList;
			buildConfigurations = (
				A477A20D1F25C7B900AB282F /* Debug */,
				A477A20E1F25C7B900AB282F /* Release */,
			);
			defaultConfigurationIsVisible = 0;
			defaultConfigurationName = Release;
		};
		A477A20F1F25C7B900AB282F /* Build configuration list for PBXNativeTarget "CycleBannerUITests" */ = {
			isa = XCConfigurationList;
			buildConfigurations = (
				A477A2101F25C7B900AB282F /* Debug */,
				A477A2111F25C7B900AB282F /* Release */,
			);
			defaultConfigurationIsVisible = 0;
			defaultConfigurationName = Release;
		};
/* End XCConfigurationList section */
	};
	rootObject = A477A1D91F25C7B900AB282F /* Project object */;
}
